
Microsoft Visual Studio Solution File, Format Version 12.00
# Visual Studio Version 17
VisualStudioVersion = 17.4.33213.308
MinimumVisualStudioVersion = 10.0.40219.1
Project("{9A19103F-16F7-4668-BE54-9A1E7A4F7556}") = "Web", "EmployeeManagementSystem\Web.csproj", "{D977CD68-48C4-428A-BFE9-86D46C532965}"
EndProject
Project("{9A19103F-16F7-4668-BE54-9A1E7A4F7556}") = "DAL", "DAL\DAL.csproj", "{7D4F37DD-E7C5-41BB-A9A4-2FCC6C1E0053}"
EndProject
Project("{9A19103F-16F7-4668-BE54-9A1E7A4F7556}") = "API", "API\API.csproj", "{AB551D89-BA84-41A6-8C30-0E8940A15390}"
EndProject
Project("{FAE04EC0-301F-11D3-BF4B-00C04F79EFBC}") = "Tests", "Tests\Tests.csproj", "{0B1F978E-005B-4016-98B4-98E88902CAF1}"
EndProject
Global
	GlobalSection(SolutionConfigurationPlatforms) = preSolution
		Debug|Any CPU = Debug|Any CPU
		Release|Any CPU = Release|Any CPU
	EndGlobalSection
	GlobalSection(ProjectConfigurationPlatforms) = postSolution
		{D977CD68-48C4-428A-BFE9-86D46C532965}.Debug|Any CPU.ActiveCfg = Debug|Any CPU
		{D977CD68-48C4-428A-BFE9-86D46C532965}.Debug|Any CPU.Build.0 = Debug|Any CPU
		{D977CD68-48C4-428A-BFE9-86D46C532965}.Release|Any CPU.ActiveCfg = Release|Any CPU
		{D977CD68-48C4-428A-BFE9-86D46C532965}.Release|Any CPU.Build.0 = Release|Any CPU
		{7D4F37DD-E7C5-41BB-A9A4-2FCC6C1E0053}.Debug|Any CPU.ActiveCfg = Debug|Any CPU
		{7D4F37DD-E7C5-41BB-A9A4-2FCC6C1E0053}.Debug|Any CPU.Build.0 = Debug|Any CPU
		{7D4F37DD-E7C5-41BB-A9A4-2FCC6C1E0053}.Release|Any CPU.ActiveCfg = Release|Any CPU
		{7D4F37DD-E7C5-41BB-A9A4-2FCC6C1E0053}.Release|Any CPU.Build.0 = Release|Any CPU
		{AB551D89-BA84-41A6-8C30-0E8940A15390}.Debug|Any CPU.ActiveCfg = Debug|Any CPU
		{AB551D89-BA84-41A6-8C30-0E8940A15390}.Debug|Any CPU.Build.0 = Debug|Any CPU
		{AB551D89-BA84-41A6-8C30-0E8940A15390}.Release|Any CPU.ActiveCfg = Release|Any CPU
		{AB551D89-BA84-41A6-8C30-0E8940A15390}.Release|Any CPU.Build.0 = Release|Any CPU
		{0B1F978E-005B-4016-98B4-98E88902CAF1}.Debug|Any CPU.ActiveCfg = Debug|Any CPU
		{0B1F978E-005B-4016-98B4-98E88902CAF1}.Debug|Any CPU.Build.0 = Debug|Any CPU
		{0B1F978E-005B-4016-98B4-98E88902CAF1}.Release|Any CPU.ActiveCfg = Release|Any CPU
		{0B1F978E-005B-4016-98B4-98E88902CAF1}.Release|Any CPU.Build.0 = Release|Any CPU
	EndGlobalSection
	GlobalSection(SolutionProperties) = preSolution
		HideSolutionNode = FALSE
	EndGlobalSection
	GlobalSection(ExtensibilityGlobals) = postSolution
		SolutionGuid = {4D195060-27CB-4C86-9C19-04ADCC7F4C8C}
	EndGlobalSection
EndGlobal
